
Microsoft Visual Studio Solution File, Format Version 12.00
# Visual Studio Version 17
VisualStudioVersion = 17.6.33829.357
MinimumVisualStudioVersion = 10.0.40219.1
Project("{FAE04EC0-301F-11D3-BF4B-00C04F79EFBC}") = "PrePoMax.GH", "PrePoMax.GH\PrePoMax.GH.csproj", "{0F2152D4-8FD3-4A6C-B319-460B66283020}"
EndProject
Global
	GlobalSection(SolutionConfigurationPlatforms) = preSolution
		Debug|Any CPU = Debug|Any CPU
		Release|Any CPU = Release|Any CPU
	EndGlobalSection
	GlobalSection(ProjectConfigurationPlatforms) = postSolution
		{0F2152D4-8FD3-4A6C-B319-460B66283020}.Debug|Any CPU.ActiveCfg = Debug|Any CPU
		{0F2152D4-8FD3-4A6C-B319-460B66283020}.Debug|Any CPU.Build.0 = Debug|Any CPU
		{0F2152D4-8FD3-4A6C-B319-460B66283020}.Release|Any CPU.ActiveCfg = Release|Any CPU
		{0F2152D4-8FD3-4A6C-B319-460B66283020}.Release|Any CPU.Build.0 = Release|Any CPU
	EndGlobalSection
	GlobalSection(SolutionProperties) = preSolution
		HideSolutionNode = FALSE
	EndGlobalSection
	GlobalSection(ExtensibilityGlobals) = postSolution
		SolutionGuid = {D113D072-1ED3-4DB1-8FD0-E71ABA4A0549}
	EndGlobalSection
EndGlobal
